
Microsoft Visual Studio Solution File, Format Version 12.00
# Visual Studio Version 16
VisualStudioVersion = 16.0.31911.196
MinimumVisualStudioVersion = 10.0.40219.1
Project("{2150E333-8FDC-42A3-9474-1A3956D46DE8}") = "Services", "Services", "{A4B153A6-1696-4D1E-BBD0-4892481604AE}"
EndProject
Project("{2150E333-8FDC-42A3-9474-1A3956D46DE8}") = "Student", "Student", "{DCDDD179-3BC1-48C7-92FD-56FBBB9D6AF9}"
EndProject
Project("{2150E333-8FDC-42A3-9474-1A3956D46DE8}") = "Courses", "Courses", "{697343AD-047C-46C8-A08C-891A2E61A7DE}"
EndProject
Project("{2150E333-8FDC-42A3-9474-1A3956D46DE8}") = "Department", "Department", "{E3853387-FD88-417D-95D1-A3CE163DE88B}"
EndProject
Project("{2150E333-8FDC-42A3-9474-1A3956D46DE8}") = "Portal", "Portal", "{6236D911-6F16-4355-BDDA-F79B609FA68C}"
EndProject
Project("{2150E333-8FDC-42A3-9474-1A3956D46DE8}") = "Medical", "Medical", "{DD16F277-B6FD-4DA8-B864-FF8AB153FD66}"
EndProject
Project("{9A19103F-16F7-4668-BE54-9A1E7A4F7556}") = "StudentDetails.API", "Services\Student\StudentDetails.API\StudentDetails.API.csproj", "{E7AF817C-6F46-4810-BEE5-65ACB98D875C}"
EndProject
Project("{9A19103F-16F7-4668-BE54-9A1E7A4F7556}") = "StudentDetails.Abstractions", "Services\Student\StudentDetails.Abstractions\StudentDetails.Abstractions.csproj", "{38673630-DEA4-44FF-9EB0-3DECB5740842}"
EndProject
Project("{9A19103F-16F7-4668-BE54-9A1E7A4F7556}") = "StudentDetails.Core", "Services\Student\StudentDetails.Core\StudentDetails.Core.csproj", "{35A5844C-9947-45E3-810D-B39EABFCC63A}"
EndProject
Project("{9A19103F-16F7-4668-BE54-9A1E7A4F7556}") = "StudentDetails.Infrastructure", "Services\Student\StudentDetails.Infrastructure\StudentDetails.Infrastructure.csproj", "{2E3B7BBD-420E-498C-B7AB-E2579DFC29EE}"
EndProject
Project("{9A19103F-16F7-4668-BE54-9A1E7A4F7556}") = "ZA365Solutions.Platform.Common", "Services\Student\ZA365Solutions.Platform.Common\ZA365Solutions.Platform.Common.csproj", "{02BD0F33-ADED-40E9-A082-3B4F3C6F1E5B}"
EndProject
Project("{9A19103F-16F7-4668-BE54-9A1E7A4F7556}") = "ZA365Solutions.Platform.Messaging", "Services\Student\ZA365Solutions.Platform.Messaging\ZA365Solutions.Platform.Messaging.csproj", "{BE0D1DB2-47A5-43E4-BDA0-F2F78FEC763E}"
EndProject
Project("{9A19103F-16F7-4668-BE54-9A1E7A4F7556}") = "StudentCourse.API", "Services\Courses\StudentCourse.API\StudentCourse.API.csproj", "{75BE2B31-DC71-4A8A-8354-6E29A6D285D3}"
EndProject
Project("{9A19103F-16F7-4668-BE54-9A1E7A4F7556}") = "StudentCourse.Abstraction", "Services\Courses\StudentCourse.Abstraction\StudentCourse.Abstraction.csproj", "{0A9FCB5F-DA62-4645-B753-32F4171BAE92}"
EndProject
Project("{9A19103F-16F7-4668-BE54-9A1E7A4F7556}") = "StudentCourse.Core", "Services\Courses\StudentCourse.Core\StudentCourse.Core.csproj", "{06C57943-E739-4B04-A527-6597FF2E4F4D}"
EndProject
Project("{9A19103F-16F7-4668-BE54-9A1E7A4F7556}") = "StudentCourse.Infrastructure", "Services\Courses\StudentCourse.Infrastructure\StudentCourse.Infrastructure.csproj", "{CFFD0810-AD86-4CC2-9369-62790A24C6AF}"
EndProject
Project("{9A19103F-16F7-4668-BE54-9A1E7A4F7556}") = "ZA365Solutions.Platform.Common", "Services\Courses\ZA365Solutions.Platform.Common\ZA365Solutions.Platform.Common.csproj", "{C72E144A-AD21-4B72-B99F-8E1D8CC6B6E7}"
EndProject
Project("{9A19103F-16F7-4668-BE54-9A1E7A4F7556}") = "ZA365Solutions.Platform.Messaging", "Services\Courses\ZA365Solutions.Platform.Messaging\ZA365Solutions.Platform.Messaging.csproj", "{A45C87D8-B143-4CE1-BBFE-4634AE574B15}"
EndProject
Project("{9A19103F-16F7-4668-BE54-9A1E7A4F7556}") = "StudentDepartment.API", "Services\Department\Department.API\StudentDepartment.API.csproj", "{BD28ECDD-7A65-4F8A-9C22-971B80F290C5}"
EndProject
Project("{9A19103F-16F7-4668-BE54-9A1E7A4F7556}") = "StudentDepartment.Abstraction", "Services\Department\Department.Abstraction\StudentDepartment.Abstraction.csproj", "{B53BF632-C73B-45A0-88A3-8861FFD549E5}"
EndProject
Project("{9A19103F-16F7-4668-BE54-9A1E7A4F7556}") = "StudentDepartment.Core", "Services\Department\Department.Core\StudentDepartment.Core.csproj", "{D3280871-1F40-41E6-92DA-BFAF2734E5A9}"
EndProject
Project("{9A19103F-16F7-4668-BE54-9A1E7A4F7556}") = "StudentDepartment.Infrastructure", "Services\Department\Department.Infrastructure\StudentDepartment.Infrastructure.csproj", "{7A633894-563E-4EA6-8467-6B8BCE5539F0}"
EndProject
Project("{9A19103F-16F7-4668-BE54-9A1E7A4F7556}") = "ZA365Solutions.Platform.Common", "Services\Department\ZA365Solutions.Platform.Common\ZA365Solutions.Platform.Common.csproj", "{F1BB6B89-5B3D-49D3-B1E3-1176535936E0}"
EndProject
Project("{9A19103F-16F7-4668-BE54-9A1E7A4F7556}") = "ZA365Solutions.Platform.Messaging", "Services\Department\ZA365Solutions.Platform.Messaging\ZA365Solutions.Platform.Messaging.csproj", "{9EC60207-07A4-45EA-86DC-41EC8E40ED98}"
EndProject
Global
	GlobalSection(SolutionConfigurationPlatforms) = preSolution
		Debug|Any CPU = Debug|Any CPU
		Release|Any CPU = Release|Any CPU
	EndGlobalSection
	GlobalSection(ProjectConfigurationPlatforms) = postSolution
		{E7AF817C-6F46-4810-BEE5-65ACB98D875C}.Debug|Any CPU.ActiveCfg = Debug|Any CPU
		{E7AF817C-6F46-4810-BEE5-65ACB98D875C}.Debug|Any CPU.Build.0 = Debug|Any CPU
		{E7AF817C-6F46-4810-BEE5-65ACB98D875C}.Release|Any CPU.ActiveCfg = Release|Any CPU
		{E7AF817C-6F46-4810-BEE5-65ACB98D875C}.Release|Any CPU.Build.0 = Release|Any CPU
		{38673630-DEA4-44FF-9EB0-3DECB5740842}.Debug|Any CPU.ActiveCfg = Debug|Any CPU
		{38673630-DEA4-44FF-9EB0-3DECB5740842}.Debug|Any CPU.Build.0 = Debug|Any CPU
		{38673630-DEA4-44FF-9EB0-3DECB5740842}.Release|Any CPU.ActiveCfg = Release|Any CPU
		{38673630-DEA4-44FF-9EB0-3DECB5740842}.Release|Any CPU.Build.0 = Release|Any CPU
		{35A5844C-9947-45E3-810D-B39EABFCC63A}.Debug|Any CPU.ActiveCfg = Debug|Any CPU
		{35A5844C-9947-45E3-810D-B39EABFCC63A}.Debug|Any CPU.Build.0 = Debug|Any CPU
		{35A5844C-9947-45E3-810D-B39EABFCC63A}.Release|Any CPU.ActiveCfg = Release|Any CPU
		{35A5844C-9947-45E3-810D-B39EABFCC63A}.Release|Any CPU.Build.0 = Release|Any CPU
		{2E3B7BBD-420E-498C-B7AB-E2579DFC29EE}.Debug|Any CPU.ActiveCfg = Debug|Any CPU
		{2E3B7BBD-420E-498C-B7AB-E2579DFC29EE}.Debug|Any CPU.Build.0 = Debug|Any CPU
		{2E3B7BBD-420E-498C-B7AB-E2579DFC29EE}.Release|Any CPU.ActiveCfg = Release|Any CPU
		{2E3B7BBD-420E-498C-B7AB-E2579DFC29EE}.Release|Any CPU.Build.0 = Release|Any CPU
		{02BD0F33-ADED-40E9-A082-3B4F3C6F1E5B}.Debug|Any CPU.ActiveCfg = Debug|Any CPU
		{02BD0F33-ADED-40E9-A082-3B4F3C6F1E5B}.Debug|Any CPU.Build.0 = Debug|Any CPU
		{02BD0F33-ADED-40E9-A082-3B4F3C6F1E5B}.Release|Any CPU.ActiveCfg = Release|Any CPU
		{02BD0F33-ADED-40E9-A082-3B4F3C6F1E5B}.Release|Any CPU.Build.0 = Release|Any CPU
		{BE0D1DB2-47A5-43E4-BDA0-F2F78FEC763E}.Debug|Any CPU.ActiveCfg = Debug|Any CPU
		{BE0D1DB2-47A5-43E4-BDA0-F2F78FEC763E}.Debug|Any CPU.Build.0 = Debug|Any CPU
		{BE0D1DB2-47A5-43E4-BDA0-F2F78FEC763E}.Release|Any CPU.ActiveCfg = Release|Any CPU
		{BE0D1DB2-47A5-43E4-BDA0-F2F78FEC763E}.Release|Any CPU.Build.0 = Release|Any CPU
		{75BE2B31-DC71-4A8A-8354-6E29A6D285D3}.Debug|Any CPU.ActiveCfg = Debug|Any CPU
		{75BE2B31-DC71-4A8A-8354-6E29A6D285D3}.Debug|Any CPU.Build.0 = Debug|Any CPU
		{75BE2B31-DC71-4A8A-8354-6E29A6D285D3}.Release|Any CPU.ActiveCfg = Release|Any CPU
		{75BE2B31-DC71-4A8A-8354-6E29A6D285D3}.Release|Any CPU.Build.0 = Release|Any CPU
		{0A9FCB5F-DA62-4645-B753-32F4171BAE92}.Debug|Any CPU.ActiveCfg = Debug|Any CPU
		{0A9FCB5F-DA62-4645-B753-32F4171BAE92}.Debug|Any CPU.Build.0 = Debug|Any CPU
		{0A9FCB5F-DA62-4645-B753-32F4171BAE92}.Release|Any CPU.ActiveCfg = Release|Any CPU
		{0A9FCB5F-DA62-4645-B753-32F4171BAE92}.Release|Any CPU.Build.0 = Release|Any CPU
		{06C57943-E739-4B04-A527-6597FF2E4F4D}.Debug|Any CPU.ActiveCfg = Debug|Any CPU
		{06C57943-E739-4B04-A527-6597FF2E4F4D}.Debug|Any CPU.Build.0 = Debug|Any CPU
		{06C57943-E739-4B04-A527-6597FF2E4F4D}.Release|Any CPU.ActiveCfg = Release|Any CPU
		{06C57943-E739-4B04-A527-6597FF2E4F4D}.Release|Any CPU.Build.0 = Release|Any CPU
		{CFFD0810-AD86-4CC2-9369-62790A24C6AF}.Debug|Any CPU.ActiveCfg = Debug|Any CPU
		{CFFD0810-AD86-4CC2-9369-62790A24C6AF}.Debug|Any CPU.Build.0 = Debug|Any CPU
		{CFFD0810-AD86-4CC2-9369-62790A24C6AF}.Release|Any CPU.ActiveCfg = Release|Any CPU
		{CFFD0810-AD86-4CC2-9369-62790A24C6AF}.Release|Any CPU.Build.0 = Release|Any CPU
		{C72E144A-AD21-4B72-B99F-8E1D8CC6B6E7}.Debug|Any CPU.ActiveCfg = Debug|Any CPU
		{C72E144A-AD21-4B72-B99F-8E1D8CC6B6E7}.Debug|Any CPU.Build.0 = Debug|Any CPU
		{C72E144A-AD21-4B72-B99F-8E1D8CC6B6E7}.Release|Any CPU.ActiveCfg = Release|Any CPU
		{C72E144A-AD21-4B72-B99F-8E1D8CC6B6E7}.Release|Any CPU.Build.0 = Release|Any CPU
		{A45C87D8-B143-4CE1-BBFE-4634AE574B15}.Debug|Any CPU.ActiveCfg = Debug|Any CPU
		{A45C87D8-B143-4CE1-BBFE-4634AE574B15}.Debug|Any CPU.Build.0 = Debug|Any CPU
		{A45C87D8-B143-4CE1-BBFE-4634AE574B15}.Release|Any CPU.ActiveCfg = Release|Any CPU
		{A45C87D8-B143-4CE1-BBFE-4634AE574B15}.Release|Any CPU.Build.0 = Release|Any CPU
		{BD28ECDD-7A65-4F8A-9C22-971B80F290C5}.Debug|Any CPU.ActiveCfg = Debug|Any CPU
		{BD28ECDD-7A65-4F8A-9C22-971B80F290C5}.Debug|Any CPU.Build.0 = Debug|Any CPU
		{BD28ECDD-7A65-4F8A-9C22-971B80F290C5}.Release|Any CPU.ActiveCfg = Release|Any CPU
		{BD28ECDD-7A65-4F8A-9C22-971B80F290C5}.Release|Any CPU.Build.0 = Release|Any CPU
		{B53BF632-C73B-45A0-88A3-8861FFD549E5}.Debug|Any CPU.ActiveCfg = Debug|Any CPU
		{B53BF632-C73B-45A0-88A3-8861FFD549E5}.Debug|Any CPU.Build.0 = Debug|Any CPU
		{B53BF632-C73B-45A0-88A3-8861FFD549E5}.Release|Any CPU.ActiveCfg = Release|Any CPU
		{B53BF632-C73B-45A0-88A3-8861FFD549E5}.Release|Any CPU.Build.0 = Release|Any CPU
		{D3280871-1F40-41E6-92DA-BFAF2734E5A9}.Debug|Any CPU.ActiveCfg = Debug|Any CPU
		{D3280871-1F40-41E6-92DA-BFAF2734E5A9}.Debug|Any CPU.Build.0 = Debug|Any CPU
		{D3280871-1F40-41E6-92DA-BFAF2734E5A9}.Release|Any CPU.ActiveCfg = Release|Any CPU
		{D3280871-1F40-41E6-92DA-BFAF2734E5A9}.Release|Any CPU.Build.0 = Release|Any CPU
		{7A633894-563E-4EA6-8467-6B8BCE5539F0}.Debug|Any CPU.ActiveCfg = Debug|Any CPU
		{7A633894-563E-4EA6-8467-6B8BCE5539F0}.Debug|Any CPU.Build.0 = Debug|Any CPU
		{7A633894-563E-4EA6-8467-6B8BCE5539F0}.Release|Any CPU.ActiveCfg = Release|Any CPU
		{7A633894-563E-4EA6-8467-6B8BCE5539F0}.Release|Any CPU.Build.0 = Release|Any CPU
		{F1BB6B89-5B3D-49D3-B1E3-1176535936E0}.Debug|Any CPU.ActiveCfg = Debug|Any CPU
		{F1BB6B89-5B3D-49D3-B1E3-1176535936E0}.Debug|Any CPU.Build.0 = Debug|Any CPU
		{F1BB6B89-5B3D-49D3-B1E3-1176535936E0}.Release|Any CPU.ActiveCfg = Release|Any CPU
		{F1BB6B89-5B3D-49D3-B1E3-1176535936E0}.Release|Any CPU.Build.0 = Release|Any CPU
		{9EC60207-07A4-45EA-86DC-41EC8E40ED98}.Debug|Any CPU.ActiveCfg = Debug|Any CPU
		{9EC60207-07A4-45EA-86DC-41EC8E40ED98}.Debug|Any CPU.Build.0 = Debug|Any CPU
		{9EC60207-07A4-45EA-86DC-41EC8E40ED98}.Release|Any CPU.ActiveCfg = Release|Any CPU
		{9EC60207-07A4-45EA-86DC-41EC8E40ED98}.Release|Any CPU.Build.0 = Release|Any CPU
	EndGlobalSection
	GlobalSection(SolutionProperties) = preSolution
		HideSolutionNode = FALSE
	EndGlobalSection
	GlobalSection(NestedProjects) = preSolution
		{DCDDD179-3BC1-48C7-92FD-56FBBB9D6AF9} = {A4B153A6-1696-4D1E-BBD0-4892481604AE}
		{697343AD-047C-46C8-A08C-891A2E61A7DE} = {A4B153A6-1696-4D1E-BBD0-4892481604AE}
		{E3853387-FD88-417D-95D1-A3CE163DE88B} = {A4B153A6-1696-4D1E-BBD0-4892481604AE}
		{6236D911-6F16-4355-BDDA-F79B609FA68C} = {A4B153A6-1696-4D1E-BBD0-4892481604AE}
		{DD16F277-B6FD-4DA8-B864-FF8AB153FD66} = {A4B153A6-1696-4D1E-BBD0-4892481604AE}
		{E7AF817C-6F46-4810-BEE5-65ACB98D875C} = {DCDDD179-3BC1-48C7-92FD-56FBBB9D6AF9}
		{38673630-DEA4-44FF-9EB0-3DECB5740842} = {DCDDD179-3BC1-48C7-92FD-56FBBB9D6AF9}
		{35A5844C-9947-45E3-810D-B39EABFCC63A} = {DCDDD179-3BC1-48C7-92FD-56FBBB9D6AF9}
		{2E3B7BBD-420E-498C-B7AB-E2579DFC29EE} = {DCDDD179-3BC1-48C7-92FD-56FBBB9D6AF9}
		{02BD0F33-ADED-40E9-A082-3B4F3C6F1E5B} = {DCDDD179-3BC1-48C7-92FD-56FBBB9D6AF9}
		{BE0D1DB2-47A5-43E4-BDA0-F2F78FEC763E} = {DCDDD179-3BC1-48C7-92FD-56FBBB9D6AF9}
		{75BE2B31-DC71-4A8A-8354-6E29A6D285D3} = {697343AD-047C-46C8-A08C-891A2E61A7DE}
		{0A9FCB5F-DA62-4645-B753-32F4171BAE92} = {697343AD-047C-46C8-A08C-891A2E61A7DE}
		{06C57943-E739-4B04-A527-6597FF2E4F4D} = {697343AD-047C-46C8-A08C-891A2E61A7DE}
		{CFFD0810-AD86-4CC2-9369-62790A24C6AF} = {697343AD-047C-46C8-A08C-891A2E61A7DE}
		{C72E144A-AD21-4B72-B99F-8E1D8CC6B6E7} = {697343AD-047C-46C8-A08C-891A2E61A7DE}
		{A45C87D8-B143-4CE1-BBFE-4634AE574B15} = {697343AD-047C-46C8-A08C-891A2E61A7DE}
		{BD28ECDD-7A65-4F8A-9C22-971B80F290C5} = {E3853387-FD88-417D-95D1-A3CE163DE88B}
		{B53BF632-C73B-45A0-88A3-8861FFD549E5} = {E3853387-FD88-417D-95D1-A3CE163DE88B}
		{D3280871-1F40-41E6-92DA-BFAF2734E5A9} = {E3853387-FD88-417D-95D1-A3CE163DE88B}
		{7A633894-563E-4EA6-8467-6B8BCE5539F0} = {E3853387-FD88-417D-95D1-A3CE163DE88B}
		{F1BB6B89-5B3D-49D3-B1E3-1176535936E0} = {E3853387-FD88-417D-95D1-A3CE163DE88B}
		{9EC60207-07A4-45EA-86DC-41EC8E40ED98} = {E3853387-FD88-417D-95D1-A3CE163DE88B}
	EndGlobalSection
	GlobalSection(ExtensibilityGlobals) = postSolution
		SolutionGuid = {0369359C-55B7-40A0-88B8-5BD3205F6C64}
	EndGlobalSection
EndGlobal
